
Microsoft Visual Studio Solution File, Format Version 12.00
# Visual Studio Version 16
VisualStudioVersion = 16.0.30002.166
MinimumVisualStudioVersion = 10.0.40219.1
Project("{FAE04EC0-301F-11D3-BF4B-00C04F79EFBC}") = "ReadOffice365Mailbox", "ReadOffice365Mailbox\ReadOffice365Mailbox.csproj", "{BA2B22F3-B520-4B85-87A0-6B62C6A58CA0}"
EndProject
Global
	GlobalSection(SolutionConfigurationPlatforms) = preSolution
		Debug|Any CPU = Debug|Any CPU
		Release|Any CPU = Release|Any CPU
	EndGlobalSection
	GlobalSection(ProjectConfigurationPlatforms) = postSolution
		{BA2B22F3-B520-4B85-87A0-6B62C6A58CA0}.Debug|Any CPU.ActiveCfg = Debug|Any CPU
		{BA2B22F3-B520-4B85-87A0-6B62C6A58CA0}.Debug|Any CPU.Build.0 = Debug|Any CPU
		{BA2B22F3-B520-4B85-87A0-6B62C6A58CA0}.Release|Any CPU.ActiveCfg = Release|Any CPU
		{BA2B22F3-B520-4B85-87A0-6B62C6A58CA0}.Release|Any CPU.Build.0 = Release|Any CPU
	EndGlobalSection
	GlobalSection(SolutionProperties) = preSolution
		HideSolutionNode = FALSE
	EndGlobalSection
	GlobalSection(ExtensibilityGlobals) = postSolution
		SolutionGuid = {AD49D3D2-813E-429C-87FB-9940DF95EAE6}
	EndGlobalSection
EndGlobal
